
Microsoft Visual Studio Solution File, Format Version 12.00
# Visual Studio 15
VisualStudioVersion = 15.0.26403.0
MinimumVisualStudioVersion = 10.0.40219.1
Project("{2150E333-8FDC-42A3-9474-1A3956D46DE8}") = "SingleResponsibility", "SingleResponsibility", "{9232C84D-5204-46C4-B50C-B72041BB09FF}"
EndProject
Project("{FAE04EC0-301F-11D3-BF4B-00C04F79EFBC}") = "SingleResponsibility", "SingleResponsibility\SingleResponsibility.csproj", "{79674FBF-510C-4200-B28C-EFD211B18B96}"
EndProject
Project("{2150E333-8FDC-42A3-9474-1A3956D46DE8}") = "Factory Pattren", "Factory Pattren", "{B0DE153B-FAE8-4672-8823-AA7F1D9F8294}"
EndProject
Project("{FAE04EC0-301F-11D3-BF4B-00C04F79EFBC}") = "FactoryPattren.Lab", "FactoryPattren.Lab\FactoryPattren.Lab.csproj", "{A7F42C79-AD50-4C30-BE2B-8B0CA14A1873}"
EndProject
Global
	GlobalSection(SolutionConfigurationPlatforms) = preSolution
		Debug|Any CPU = Debug|Any CPU
		Release|Any CPU = Release|Any CPU
	EndGlobalSection
	GlobalSection(ProjectConfigurationPlatforms) = postSolution
		{79674FBF-510C-4200-B28C-EFD211B18B96}.Debug|Any CPU.ActiveCfg = Debug|Any CPU
		{79674FBF-510C-4200-B28C-EFD211B18B96}.Debug|Any CPU.Build.0 = Debug|Any CPU
		{79674FBF-510C-4200-B28C-EFD211B18B96}.Release|Any CPU.ActiveCfg = Release|Any CPU
		{79674FBF-510C-4200-B28C-EFD211B18B96}.Release|Any CPU.Build.0 = Release|Any CPU
		{A7F42C79-AD50-4C30-BE2B-8B0CA14A1873}.Debug|Any CPU.ActiveCfg = Debug|Any CPU
		{A7F42C79-AD50-4C30-BE2B-8B0CA14A1873}.Debug|Any CPU.Build.0 = Debug|Any CPU
		{A7F42C79-AD50-4C30-BE2B-8B0CA14A1873}.Release|Any CPU.ActiveCfg = Release|Any CPU
		{A7F42C79-AD50-4C30-BE2B-8B0CA14A1873}.Release|Any CPU.Build.0 = Release|Any CPU
	EndGlobalSection
	GlobalSection(SolutionProperties) = preSolution
		HideSolutionNode = FALSE
	EndGlobalSection
	GlobalSection(NestedProjects) = preSolution
		{79674FBF-510C-4200-B28C-EFD211B18B96} = {9232C84D-5204-46C4-B50C-B72041BB09FF}
		{A7F42C79-AD50-4C30-BE2B-8B0CA14A1873} = {B0DE153B-FAE8-4672-8823-AA7F1D9F8294}
	EndGlobalSection
EndGlobal
